{
  "requires": true,
  "lockfileVersion": 1,
  "dependencies": {
    "preact": {
      "version": "10.5.5",
      "resolved": "https://registry.npmjs.org/preact/-/preact-10.5.5.tgz",
      "integrity": "sha512-5ONLNH1SXMzzbQoExZX4TELemNt+TEDb622xXFNfZngjjM9qtrzseJt+EfiUu4TZ6EJ95X5sE1ES4yqHFSIdhg=="
    }
  }
}
